
Microsoft Visual Studio Solution File, Format Version 12.00
# Visual Studio 2013
VisualStudioVersion = 12.0.31101.0
MinimumVisualStudioVersion = 10.0.40219.1
Project("{159641D6-6404-4A2A-AE62-294DE0FE8301}") = "Recurring ETL", "Recurring ETL\Recurring ETL.dtproj", "{46027DE9-9D1C-4D2C-947B-8DD4676AC981}"
EndProject
Project("{00D1A9C2-B5F0-4AF3-8072-F6C62B433612}") = "DataWarehouse", "DataWarehouse\DataWarehouse.sqlproj", "{175AE51D-7B8D-4A66-96E4-4A3B67F1C92E}"
EndProject
Project("{00D1A9C2-B5F0-4AF3-8072-F6C62B433612}") = "DataSource", "DataSource\DataSource.sqlproj", "{CFC0BE93-3AD3-4BFA-AED5-FEC4B40FF5C2}"
EndProject
Project("{FAE04EC0-301F-11D3-BF4B-00C04F79EFBC}") = "ETLModel", "ETLModel\ETLModel.csproj", "{CAF07E7F-3690-47A4-BF3D-B4CD8B7B8C9D}"
EndProject
Project("{FAE04EC0-301F-11D3-BF4B-00C04F79EFBC}") = "TestProjectETL", "TestProjectETL\TestProjectETL.csproj", "{3838C701-1FEB-4163-8AC2-1C5984D76EB6}"
EndProject
Global
	GlobalSection(SolutionConfigurationPlatforms) = preSolution
		Debug|Any CPU = Debug|Any CPU
		Development|Any CPU = Development|Any CPU
		Release|Any CPU = Release|Any CPU
	EndGlobalSection
	GlobalSection(ProjectConfigurationPlatforms) = postSolution
		{46027DE9-9D1C-4D2C-947B-8DD4676AC981}.Debug|Any CPU.ActiveCfg = Development
		{46027DE9-9D1C-4D2C-947B-8DD4676AC981}.Debug|Any CPU.Build.0 = Development
		{46027DE9-9D1C-4D2C-947B-8DD4676AC981}.Development|Any CPU.ActiveCfg = Development
		{46027DE9-9D1C-4D2C-947B-8DD4676AC981}.Development|Any CPU.Build.0 = Development
		{46027DE9-9D1C-4D2C-947B-8DD4676AC981}.Release|Any CPU.ActiveCfg = Development
		{46027DE9-9D1C-4D2C-947B-8DD4676AC981}.Release|Any CPU.Build.0 = Development
		{175AE51D-7B8D-4A66-96E4-4A3B67F1C92E}.Debug|Any CPU.ActiveCfg = Debug|Any CPU
		{175AE51D-7B8D-4A66-96E4-4A3B67F1C92E}.Debug|Any CPU.Build.0 = Debug|Any CPU
		{175AE51D-7B8D-4A66-96E4-4A3B67F1C92E}.Debug|Any CPU.Deploy.0 = Debug|Any CPU
		{175AE51D-7B8D-4A66-96E4-4A3B67F1C92E}.Development|Any CPU.ActiveCfg = Debug|Any CPU
		{175AE51D-7B8D-4A66-96E4-4A3B67F1C92E}.Development|Any CPU.Build.0 = Debug|Any CPU
		{175AE51D-7B8D-4A66-96E4-4A3B67F1C92E}.Development|Any CPU.Deploy.0 = Debug|Any CPU
		{175AE51D-7B8D-4A66-96E4-4A3B67F1C92E}.Release|Any CPU.ActiveCfg = Release|Any CPU
		{175AE51D-7B8D-4A66-96E4-4A3B67F1C92E}.Release|Any CPU.Build.0 = Release|Any CPU
		{175AE51D-7B8D-4A66-96E4-4A3B67F1C92E}.Release|Any CPU.Deploy.0 = Release|Any CPU
		{CFC0BE93-3AD3-4BFA-AED5-FEC4B40FF5C2}.Debug|Any CPU.ActiveCfg = Debug|Any CPU
		{CFC0BE93-3AD3-4BFA-AED5-FEC4B40FF5C2}.Debug|Any CPU.Build.0 = Debug|Any CPU
		{CFC0BE93-3AD3-4BFA-AED5-FEC4B40FF5C2}.Debug|Any CPU.Deploy.0 = Debug|Any CPU
		{CFC0BE93-3AD3-4BFA-AED5-FEC4B40FF5C2}.Development|Any CPU.ActiveCfg = Debug|Any CPU
		{CFC0BE93-3AD3-4BFA-AED5-FEC4B40FF5C2}.Development|Any CPU.Build.0 = Debug|Any CPU
		{CFC0BE93-3AD3-4BFA-AED5-FEC4B40FF5C2}.Development|Any CPU.Deploy.0 = Debug|Any CPU
		{CFC0BE93-3AD3-4BFA-AED5-FEC4B40FF5C2}.Release|Any CPU.ActiveCfg = Release|Any CPU
		{CFC0BE93-3AD3-4BFA-AED5-FEC4B40FF5C2}.Release|Any CPU.Build.0 = Release|Any CPU
		{CFC0BE93-3AD3-4BFA-AED5-FEC4B40FF5C2}.Release|Any CPU.Deploy.0 = Release|Any CPU
		{CAF07E7F-3690-47A4-BF3D-B4CD8B7B8C9D}.Debug|Any CPU.ActiveCfg = Debug|Any CPU
		{CAF07E7F-3690-47A4-BF3D-B4CD8B7B8C9D}.Debug|Any CPU.Build.0 = Debug|Any CPU
		{CAF07E7F-3690-47A4-BF3D-B4CD8B7B8C9D}.Development|Any CPU.ActiveCfg = Debug|Any CPU
		{CAF07E7F-3690-47A4-BF3D-B4CD8B7B8C9D}.Development|Any CPU.Build.0 = Debug|Any CPU
		{CAF07E7F-3690-47A4-BF3D-B4CD8B7B8C9D}.Release|Any CPU.ActiveCfg = Release|Any CPU
		{CAF07E7F-3690-47A4-BF3D-B4CD8B7B8C9D}.Release|Any CPU.Build.0 = Release|Any CPU
		{3838C701-1FEB-4163-8AC2-1C5984D76EB6}.Debug|Any CPU.ActiveCfg = Debug|Any CPU
		{3838C701-1FEB-4163-8AC2-1C5984D76EB6}.Debug|Any CPU.Build.0 = Debug|Any CPU
		{3838C701-1FEB-4163-8AC2-1C5984D76EB6}.Development|Any CPU.ActiveCfg = Debug|Any CPU
		{3838C701-1FEB-4163-8AC2-1C5984D76EB6}.Development|Any CPU.Build.0 = Debug|Any CPU
		{3838C701-1FEB-4163-8AC2-1C5984D76EB6}.Release|Any CPU.ActiveCfg = Release|Any CPU
		{3838C701-1FEB-4163-8AC2-1C5984D76EB6}.Release|Any CPU.Build.0 = Release|Any CPU
	EndGlobalSection
	GlobalSection(SolutionProperties) = preSolution
		HideSolutionNode = FALSE
	EndGlobalSection
EndGlobal
